
Microsoft Visual Studio Solution File, Format Version 12.00
# Visual Studio 15
VisualStudioVersion = 15.0.27130.2024
MinimumVisualStudioVersion = 10.0.40219.1
Project("{9A19103F-16F7-4668-BE54-9A1E7A4F7556}") = "Audacia.Cryptography", "Audacia.Cryptography.csproj", "{CF542AC5-09EC-461A-A73F-D6BC7D4B7E5F}"
EndProject
Project("{9A19103F-16F7-4668-BE54-9A1E7A4F7556}") = "Audacia.Cryptography.Tests", "..\Audacia.Cryptography.Tests\Audacia.Cryptography.Tests.csproj", "{93953B20-82F3-4DC6-918A-7F9BD9E57672}"
EndProject
Global
	GlobalSection(SolutionConfigurationPlatforms) = preSolution
		Debug|Any CPU = Debug|Any CPU
		Release|Any CPU = Release|Any CPU
	EndGlobalSection
	GlobalSection(ProjectConfigurationPlatforms) = postSolution
		{CF542AC5-09EC-461A-A73F-D6BC7D4B7E5F}.Debug|Any CPU.ActiveCfg = Debug|Any CPU
		{CF542AC5-09EC-461A-A73F-D6BC7D4B7E5F}.Debug|Any CPU.Build.0 = Debug|Any CPU
		{CF542AC5-09EC-461A-A73F-D6BC7D4B7E5F}.Release|Any CPU.ActiveCfg = Release|Any CPU
		{CF542AC5-09EC-461A-A73F-D6BC7D4B7E5F}.Release|Any CPU.Build.0 = Release|Any CPU
		{93953B20-82F3-4DC6-918A-7F9BD9E57672}.Debug|Any CPU.ActiveCfg = Debug|Any CPU
		{93953B20-82F3-4DC6-918A-7F9BD9E57672}.Debug|Any CPU.Build.0 = Debug|Any CPU
		{93953B20-82F3-4DC6-918A-7F9BD9E57672}.Release|Any CPU.ActiveCfg = Release|Any CPU
		{93953B20-82F3-4DC6-918A-7F9BD9E57672}.Release|Any CPU.Build.0 = Release|Any CPU
	EndGlobalSection
	GlobalSection(SolutionProperties) = preSolution
		HideSolutionNode = FALSE
	EndGlobalSection
	GlobalSection(ExtensibilityGlobals) = postSolution
		SolutionGuid = {26C91DED-47A6-4FDC-A010-E9E1161B8CD4}
	EndGlobalSection
EndGlobal
